{
  "name": "univabio",
  "version": "1.0.0",
  "lockfileVersion": 3,
  "requires": true,
  "packages": {
    "": {
      "name": "univabio",
      "version": "1.0.0",
      "license": "ISC",
      "dependencies": {
        "@mediapipe/tasks-vision": "^1.0.1",
        "@webxr-input-profiles/assets": "^1.0.20",
        "three": "^0.186.1"
      }
    },
    "node_modules/@mediapipe/tasks-vision": {
      "version": "1.0.1",
      "resolved": "https://registry.npmjs.org/@mediapipe/tasks-vision/-/tasks-vision-1.0.1.tgz",
      "integrity": "sha512-rvRE2FmAZ6ZxKSw7wq+e+jQDpN3t1B/tD2mJz9SmAzb1msoDkd4dMoE4wAh8Z30Um0PQwLiHr9QtomhmXk3aUQ==",
      "license": "Apache-2.0"
    },
    "node_modules/@webxr-input-profiles/assets": {
      "version": "1.0.20",
      "resolved": "https://registry.npmjs.org/@webxr-input-profiles/assets/-/assets-1.0.20.tgz",
      "integrity": "sha512-V/8NB4Ywgm//TBVMgo0TgJ9DtxsBoo0iiaF8AdfiP0F0cgbwkuQycEZAIOsplyd/iZ8L3mrFYNJBC6rzQb4tJA=="
    },
    "node_modules/three": {
      "version": "0.186.1",
      "resolved": "https://registry.npmjs.org/three/-/three-0.186.1.tgz",
      "integrity": "sha512-blFeqb49wRCSGUGj7gtpfnSGHy2lwDk94RhUmS1c/hTby70kvChbWpkJ4Pm1390LqzzvTmzgXKHPEafJwCb8jA==",
      "license": "MIT"
    }
  }
}
